hash: 4d1893061d0ff734c07dbed3c08d185b2ac6d7b846726dc05c1b35f2277c3d87
updated: 2017-02-11T11:23:43.231768018Z
imports:
- name: github.com/abcum/ptree
  version: 370a8408d0a58c4d23e97d4b9b1e414ab6968c6c
- name: github.com/abcum/tlist
  version: 6b360198b535c86814b308951162b6e549014b95
testImports:
- name: github.com/gopherjs/gopherjs
  version: acd7601d2a20b8dbef844f92b7bdb031f05f4442
  subpackages:
  - js
- name: github.com/jtolds/gls
  version: bb0351aa7eb6f322f32667d51375f26a2bca6628
- name: github.com/smartystreets/assertions
  version: 26acb9229f421449ac63d014995b282d59261a8b
  subpackages:
  - internal/go-render/render
  - internal/oglematchers
- name: github.com/smartystreets/goconvey
  version: d4c757aa9afd1e2fc1832aaab209b5794eb336e1
  subpackages:
  - convey
  - convey/gotest
  - convey/reporting
