hash: 4d1893061d0ff734c07dbed3c08d185b2ac6d7b846726dc05c1b35f2277c3d87
updated: 2017-04-26T23:59:44.583798412+01:00
imports:
- name: github.com/abcum/ptree
  version: 36cafa0736cf6a56612d703bbb5a3eee31b31fb9
- name: github.com/abcum/tlist
  version: 229930efe067d6dae62436d9cf6664d48e2e773f
testImports:
- name: github.com/gopherjs/gopherjs
  version: 265040a1352e0bb611e87f5b985bf83600c66cce
  subpackages:
  - js
- name: github.com/jtolds/gls
  version: bb0351aa7eb6f322f32667d51375f26a2bca6628
- name: github.com/smartystreets/assertions
  version: c9ee7d9e9a2aeec0bee7c4a516f3e0ad7cb7e558
  subpackages:
  - internal/go-render/render
  - internal/oglematchers
- name: github.com/smartystreets/goconvey
  version: d4c757aa9afd1e2fc1832aaab209b5794eb336e1
  subpackages:
  - convey
  - convey/gotest
  - convey/reporting
