hash: 4d1893061d0ff734c07dbed3c08d185b2ac6d7b846726dc05c1b35f2277c3d87
updated: 2017-10-10T17:07:20.657096+01:00
imports:
- name: github.com/abcum/ptree
  version: 36cafa0736cf6a56612d703bbb5a3eee31b31fb9
- name: github.com/abcum/tlist
  version: 9f7bbc04b67495c392639e51b549386fbe6808e9
testImports:
- name: github.com/gopherjs/gopherjs
  version: 415225646bb92c4449bb484646f2c95a98402f6f
  subpackages:
  - js
- name: github.com/jtolds/gls
  version: 77f18212c9c7edc9bd6a33d383a7b545ce62f064
- name: github.com/smartystreets/assertions
  version: 0b37b35ec7434b77e77a4bb29b79677cced992ea
  subpackages:
  - internal/go-render/render
  - internal/oglematchers
- name: github.com/smartystreets/goconvey
  version: 9e8dc3f972df6c8fcc0375ef492c24d0bb204857
  subpackages:
  - convey
  - convey/gotest
  - convey/reporting
